
Microsoft Visual Studio Solution File, Format Version 12.00
# Visual Studio Version 17
VisualStudioVersion = 17.14.36203.30 d17.14
MinimumVisualStudioVersion = 10.0.40219.1
Project("{FAE04EC0-301F-11D3-BF4B-00C04F79EFBC}") = "EveAuthApi", "EveAuthApi.csproj", "{2053F326-4799-4CE9-BC0B-3255F16AE328}"
EndProject
Global
	GlobalSection(SolutionConfigurationPlatforms) = preSolution
		Debug|Any CPU = Debug|Any CPU
		Release|Any CPU = Release|Any CPU
	EndGlobalSection
	GlobalSection(ProjectConfigurationPlatforms) = postSolution
		{2053F326-4799-4CE9-BC0B-3255F16AE328}.Debug|Any CPU.ActiveCfg = Debug|Any CPU
		{2053F326-4799-4CE9-BC0B-3255F16AE328}.Debug|Any CPU.Build.0 = Debug|Any CPU
		{2053F326-4799-4CE9-BC0B-3255F16AE328}.Release|Any CPU.ActiveCfg = Release|Any CPU
		{2053F326-4799-4CE9-BC0B-3255F16AE328}.Release|Any CPU.Build.0 = Release|Any CPU
	EndGlobalSection
	GlobalSection(SolutionProperties) = preSolution
		HideSolutionNode = FALSE
	EndGlobalSection
	GlobalSection(ExtensibilityGlobals) = postSolution
		SolutionGuid = {53A3F341-B2C7-4F69-B03D-127A50AE8452}
	EndGlobalSection
EndGlobal
